github.com/amir-the-h/okex v1.1.4-alpha h1:dnn14GAUxi0W2yNxL2GERZTZ/iAUkCBnAbV6Z/CxWv8=
github.com/amir-the-h/okex v1.1.4-alpha/go.mod h1:ngcGmYzAiBKg18umdZqBDM8aluy3Q0gJMGSyeLo1XHA=
github.com/gorilla/websocket v1.4.2 h1:+/TMaTYc4QFitKJxsQ7Yye35DkWvkdLcvGKqM+x0Ufc=
github.com/gorilla/websocket v1.4.2/go.mod h1:YR8l580nyteQvAITg2hZ9XVh4b55+EU/adAjf1fMHhE=
